
Microsoft Visual Studio Solution File, Format Version 12.00
# Visual Studio Version 17
VisualStudioVersion = 17.13.35828.75
MinimumVisualStudioVersion = 10.0.40219.1
Project("{FAE04EC0-301F-11D3-BF4B-00C04F79EFBC}") = "GestionSuiviFacture.WPF", "GestionSuiviFacture.WPF\GestionSuiviFacture.WPF.csproj", "{A3C487F0-EE3F-4F1A-AA48-DD25D8879F1D}"
EndProject
Global
	GlobalSection(SolutionConfigurationPlatforms) = preSolution
		Debug|Any CPU = Debug|Any CPU
		Release|Any CPU = Release|Any CPU
	EndGlobalSection
	GlobalSection(ProjectConfigurationPlatforms) = postSolution
		{A3C487F0-EE3F-4F1A-AA48-DD25D8879F1D}.Debug|Any CPU.ActiveCfg = Debug|Any CPU
		{A3C487F0-EE3F-4F1A-AA48-DD25D8879F1D}.Debug|Any CPU.Build.0 = Debug|Any CPU
		{A3C487F0-EE3F-4F1A-AA48-DD25D8879F1D}.Release|Any CPU.ActiveCfg = Release|Any CPU
		{A3C487F0-EE3F-4F1A-AA48-DD25D8879F1D}.Release|Any CPU.Build.0 = Release|Any CPU
	EndGlobalSection
	GlobalSection(SolutionProperties) = preSolution
		HideSolutionNode = FALSE
	EndGlobalSection
	GlobalSection(ExtensibilityGlobals) = postSolution
		SolutionGuid = {E98BEECC-D891-49FE-9DE8-A44B80BC2FDF}
	EndGlobalSection
EndGlobal
